
Microsoft Visual Studio Solution File, Format Version 12.00
# Visual Studio Version 17
VisualStudioVersion = 17.5.33424.131
MinimumVisualStudioVersion = 10.0.40219.1
Project("{FAE04EC0-301F-11D3-BF4B-00C04F79EFBC}") = "Ödev", "Deneme\Ödev.csproj", "{6A7C029E-F05C-4C01-BD6F-ED1C604BCC58}"
EndProject
Global
	GlobalSection(SolutionConfigurationPlatforms) = preSolution
		Debug|Any CPU = Debug|Any CPU
		Release|Any CPU = Release|Any CPU
	EndGlobalSection
	GlobalSection(ProjectConfigurationPlatforms) = postSolution
		{6A7C029E-F05C-4C01-BD6F-ED1C604BCC58}.Debug|Any CPU.ActiveCfg = Debug|Any CPU
		{6A7C029E-F05C-4C01-BD6F-ED1C604BCC58}.Debug|Any CPU.Build.0 = Debug|Any CPU
		{6A7C029E-F05C-4C01-BD6F-ED1C604BCC58}.Release|Any CPU.ActiveCfg = Release|Any CPU
		{6A7C029E-F05C-4C01-BD6F-ED1C604BCC58}.Release|Any CPU.Build.0 = Release|Any CPU
	EndGlobalSection
	GlobalSection(SolutionProperties) = preSolution
		HideSolutionNode = FALSE
	EndGlobalSection
	GlobalSection(ExtensibilityGlobals) = postSolution
		SolutionGuid = {86BD030C-1BEA-4A28-A9DA-53AEE7782719}
	EndGlobalSection
EndGlobal
